
Microsoft Visual Studio Solution File, Format Version 12.00
# Visual Studio Version 17
VisualStudioVersion = 17.3.32825.248
MinimumVisualStudioVersion = 10.0.40219.1
Project("{FAE04EC0-301F-11D3-BF4B-00C04F79EFBC}") = "HandsOnTypeConversion", "HandsOnTypeConversion.csproj", "{2888077B-F117-4808-9A84-1CB902791855}"
EndProject
Global
	GlobalSection(SolutionConfigurationPlatforms) = preSolution
		Debug|Any CPU = Debug|Any CPU
		Release|Any CPU = Release|Any CPU
	EndGlobalSection
	GlobalSection(ProjectConfigurationPlatforms) = postSolution
		{2888077B-F117-4808-9A84-1CB902791855}.Debug|Any CPU.ActiveCfg = Debug|Any CPU
		{2888077B-F117-4808-9A84-1CB902791855}.Debug|Any CPU.Build.0 = Debug|Any CPU
		{2888077B-F117-4808-9A84-1CB902791855}.Release|Any CPU.ActiveCfg = Release|Any CPU
		{2888077B-F117-4808-9A84-1CB902791855}.Release|Any CPU.Build.0 = Release|Any CPU
	EndGlobalSection
	GlobalSection(SolutionProperties) = preSolution
		HideSolutionNode = FALSE
	EndGlobalSection
	GlobalSection(ExtensibilityGlobals) = postSolution
		SolutionGuid = {6BCC1AF6-A533-42E8-9F7F-DB9746C97E21}
	EndGlobalSection
EndGlobal
